
Microsoft Visual Studio Solution File, Format Version 12.00
# Visual Studio Version 16
VisualStudioVersion = 16.0.32002.261
MinimumVisualStudioVersion = 10.0.40219.1
Project("{FAE04EC0-301F-11D3-BF4B-00C04F79EFBC}") = "OSC.AzureFunction.v2", "OSC.AzureFunction.v2\OSC.AzureFunction.v2.csproj", "{D20FD1CA-0C8F-46EF-B4D3-3E1CBEE7A190}"
EndProject
Global
	GlobalSection(SolutionConfigurationPlatforms) = preSolution
		Debug|Any CPU = Debug|Any CPU
		Release|Any CPU = Release|Any CPU
	EndGlobalSection
	GlobalSection(ProjectConfigurationPlatforms) = postSolution
		{D20FD1CA-0C8F-46EF-B4D3-3E1CBEE7A190}.Debug|Any CPU.ActiveCfg = Debug|Any CPU
		{D20FD1CA-0C8F-46EF-B4D3-3E1CBEE7A190}.Debug|Any CPU.Build.0 = Debug|Any CPU
		{D20FD1CA-0C8F-46EF-B4D3-3E1CBEE7A190}.Release|Any CPU.ActiveCfg = Release|Any CPU
		{D20FD1CA-0C8F-46EF-B4D3-3E1CBEE7A190}.Release|Any CPU.Build.0 = Release|Any CPU
	EndGlobalSection
	GlobalSection(SolutionProperties) = preSolution
		HideSolutionNode = FALSE
	EndGlobalSection
	GlobalSection(ExtensibilityGlobals) = postSolution
		SolutionGuid = {400070C6-E768-4D85-92BC-A2C5CA1AA605}
	EndGlobalSection
EndGlobal
